
Microsoft Visual Studio Solution File, Format Version 12.00
# Visual Studio 14
VisualStudioVersion = 14.0.25420.1
MinimumVisualStudioVersion = 10.0.40219.1
Project("{FAE04EC0-301F-11D3-BF4B-00C04F79EFBC}") = "RTV500Pi", "RTV500Pi\RTV500Pi.csproj", "{EE8AB29E-052C-4A68-9C37-ED3351F50A55}"
EndProject
Project("{FAE04EC0-301F-11D3-BF4B-00C04F79EFBC}") = "RadioDemo", "RadioDemo\RadioDemo.csproj", "{162233D1-227D-4E19-AC35-CAA00B1A0368}"
EndProject
Project("{FAE04EC0-301F-11D3-BF4B-00C04F79EFBC}") = "RadioLib", "RadioLib\RadioLib.csproj", "{09B9C39F-7440-4DE3-8B61-30A5DB15299B}"
EndProject
Project("{FAE04EC0-301F-11D3-BF4B-00C04F79EFBC}") = "AlxCommonLib", "AlxCommonLib\AlxCommonLib.csproj", "{4A8292C5-6C5E-44F6-AFF9-0A861BFEEB57}"
EndProject
Project("{FAE04EC0-301F-11D3-BF4B-00C04F79EFBC}") = "RTV500PiLib", "RTV500PiLib\RTV500PiLib.csproj", "{7873320F-69EA-48A3-9248-B5FEA356CB31}"
EndProject
Global
	GlobalSection(SolutionConfigurationPlatforms) = preSolution
		Debug|Any CPU = Debug|Any CPU
		Debug|ARM = Debug|ARM
		Debug|x64 = Debug|x64
		Debug|x86 = Debug|x86
		Release|Any CPU = Release|Any CPU
		Release|ARM = Release|ARM
		Release|x64 = Release|x64
		Release|x86 = Release|x86
	EndGlobalSection
	GlobalSection(ProjectConfigurationPlatforms) = postSolution
		{EE8AB29E-052C-4A68-9C37-ED3351F50A55}.Debug|Any CPU.ActiveCfg = Debug|x86
		{EE8AB29E-052C-4A68-9C37-ED3351F50A55}.Debug|ARM.ActiveCfg = Debug|ARM
		{EE8AB29E-052C-4A68-9C37-ED3351F50A55}.Debug|ARM.Build.0 = Debug|ARM
		{EE8AB29E-052C-4A68-9C37-ED3351F50A55}.Debug|ARM.Deploy.0 = Debug|ARM
		{EE8AB29E-052C-4A68-9C37-ED3351F50A55}.Debug|x64.ActiveCfg = Debug|x64
		{EE8AB29E-052C-4A68-9C37-ED3351F50A55}.Debug|x64.Build.0 = Debug|x64
		{EE8AB29E-052C-4A68-9C37-ED3351F50A55}.Debug|x64.Deploy.0 = Debug|x64
		{EE8AB29E-052C-4A68-9C37-ED3351F50A55}.Debug|x86.ActiveCfg = Debug|ARM
		{EE8AB29E-052C-4A68-9C37-ED3351F50A55}.Debug|x86.Build.0 = Debug|ARM
		{EE8AB29E-052C-4A68-9C37-ED3351F50A55}.Debug|x86.Deploy.0 = Debug|ARM
		{EE8AB29E-052C-4A68-9C37-ED3351F50A55}.Release|Any CPU.ActiveCfg = Release|x86
		{EE8AB29E-052C-4A68-9C37-ED3351F50A55}.Release|ARM.ActiveCfg = Release|ARM
		{EE8AB29E-052C-4A68-9C37-ED3351F50A55}.Release|ARM.Build.0 = Release|ARM
		{EE8AB29E-052C-4A68-9C37-ED3351F50A55}.Release|ARM.Deploy.0 = Release|ARM
		{EE8AB29E-052C-4A68-9C37-ED3351F50A55}.Release|x64.ActiveCfg = Release|x64
		{EE8AB29E-052C-4A68-9C37-ED3351F50A55}.Release|x64.Build.0 = Release|x64
		{EE8AB29E-052C-4A68-9C37-ED3351F50A55}.Release|x64.Deploy.0 = Release|x64
		{EE8AB29E-052C-4A68-9C37-ED3351F50A55}.Release|x86.ActiveCfg = Release|x86
		{EE8AB29E-052C-4A68-9C37-ED3351F50A55}.Release|x86.Build.0 = Release|x86
		{EE8AB29E-052C-4A68-9C37-ED3351F50A55}.Release|x86.Deploy.0 = Release|x86
		{162233D1-227D-4E19-AC35-CAA00B1A0368}.Debug|Any CPU.ActiveCfg = Debug|x64
		{162233D1-227D-4E19-AC35-CAA00B1A0368}.Debug|Any CPU.Build.0 = Debug|x64
		{162233D1-227D-4E19-AC35-CAA00B1A0368}.Debug|Any CPU.Deploy.0 = Debug|x64
		{162233D1-227D-4E19-AC35-CAA00B1A0368}.Debug|ARM.ActiveCfg = Debug|ARM
		{162233D1-227D-4E19-AC35-CAA00B1A0368}.Debug|ARM.Build.0 = Debug|ARM
		{162233D1-227D-4E19-AC35-CAA00B1A0368}.Debug|ARM.Deploy.0 = Debug|ARM
		{162233D1-227D-4E19-AC35-CAA00B1A0368}.Debug|x64.ActiveCfg = Debug|x64
		{162233D1-227D-4E19-AC35-CAA00B1A0368}.Debug|x64.Build.0 = Debug|x64
		{162233D1-227D-4E19-AC35-CAA00B1A0368}.Debug|x64.Deploy.0 = Debug|x64
		{162233D1-227D-4E19-AC35-CAA00B1A0368}.Debug|x86.ActiveCfg = Debug|x86
		{162233D1-227D-4E19-AC35-CAA00B1A0368}.Debug|x86.Build.0 = Debug|x86
		{162233D1-227D-4E19-AC35-CAA00B1A0368}.Debug|x86.Deploy.0 = Debug|x86
		{162233D1-227D-4E19-AC35-CAA00B1A0368}.Release|Any CPU.ActiveCfg = Release|x86
		{162233D1-227D-4E19-AC35-CAA00B1A0368}.Release|ARM.ActiveCfg = Release|ARM
		{162233D1-227D-4E19-AC35-CAA00B1A0368}.Release|ARM.Build.0 = Release|ARM
		{162233D1-227D-4E19-AC35-CAA00B1A0368}.Release|ARM.Deploy.0 = Release|ARM
		{162233D1-227D-4E19-AC35-CAA00B1A0368}.Release|x64.ActiveCfg = Release|x64
		{162233D1-227D-4E19-AC35-CAA00B1A0368}.Release|x64.Build.0 = Release|x64
		{162233D1-227D-4E19-AC35-CAA00B1A0368}.Release|x64.Deploy.0 = Release|x64
		{162233D1-227D-4E19-AC35-CAA00B1A0368}.Release|x86.ActiveCfg = Release|x86
		{162233D1-227D-4E19-AC35-CAA00B1A0368}.Release|x86.Build.0 = Release|x86
		{162233D1-227D-4E19-AC35-CAA00B1A0368}.Release|x86.Deploy.0 = Release|x86
		{09B9C39F-7440-4DE3-8B61-30A5DB15299B}.Debug|Any CPU.ActiveCfg = Debug|Any CPU
		{09B9C39F-7440-4DE3-8B61-30A5DB15299B}.Debug|Any CPU.Build.0 = Debug|Any CPU
		{09B9C39F-7440-4DE3-8B61-30A5DB15299B}.Debug|ARM.ActiveCfg = Debug|ARM
		{09B9C39F-7440-4DE3-8B61-30A5DB15299B}.Debug|ARM.Build.0 = Debug|ARM
		{09B9C39F-7440-4DE3-8B61-30A5DB15299B}.Debug|x64.ActiveCfg = Debug|x64
		{09B9C39F-7440-4DE3-8B61-30A5DB15299B}.Debug|x64.Build.0 = Debug|x64
		{09B9C39F-7440-4DE3-8B61-30A5DB15299B}.Debug|x86.ActiveCfg = Debug|x86
		{09B9C39F-7440-4DE3-8B61-30A5DB15299B}.Debug|x86.Build.0 = Debug|x86
		{09B9C39F-7440-4DE3-8B61-30A5DB15299B}.Release|Any CPU.ActiveCfg = Release|Any CPU
		{09B9C39F-7440-4DE3-8B61-30A5DB15299B}.Release|Any CPU.Build.0 = Release|Any CPU
		{09B9C39F-7440-4DE3-8B61-30A5DB15299B}.Release|ARM.ActiveCfg = Release|ARM
		{09B9C39F-7440-4DE3-8B61-30A5DB15299B}.Release|ARM.Build.0 = Release|ARM
		{09B9C39F-7440-4DE3-8B61-30A5DB15299B}.Release|x64.ActiveCfg = Release|x64
		{09B9C39F-7440-4DE3-8B61-30A5DB15299B}.Release|x64.Build.0 = Release|x64
		{09B9C39F-7440-4DE3-8B61-30A5DB15299B}.Release|x86.ActiveCfg = Release|x86
		{09B9C39F-7440-4DE3-8B61-30A5DB15299B}.Release|x86.Build.0 = Release|x86
		{4A8292C5-6C5E-44F6-AFF9-0A861BFEEB57}.Debug|Any CPU.ActiveCfg = Debug|Any CPU
		{4A8292C5-6C5E-44F6-AFF9-0A861BFEEB57}.Debug|Any CPU.Build.0 = Debug|Any CPU
		{4A8292C5-6C5E-44F6-AFF9-0A861BFEEB57}.Debug|ARM.ActiveCfg = Debug|ARM
		{4A8292C5-6C5E-44F6-AFF9-0A861BFEEB57}.Debug|ARM.Build.0 = Debug|ARM
		{4A8292C5-6C5E-44F6-AFF9-0A861BFEEB57}.Debug|x64.ActiveCfg = Debug|x64
		{4A8292C5-6C5E-44F6-AFF9-0A861BFEEB57}.Debug|x64.Build.0 = Debug|x64
		{4A8292C5-6C5E-44F6-AFF9-0A861BFEEB57}.Debug|x86.ActiveCfg = Debug|x86
		{4A8292C5-6C5E-44F6-AFF9-0A861BFEEB57}.Debug|x86.Build.0 = Debug|x86
		{4A8292C5-6C5E-44F6-AFF9-0A861BFEEB57}.Release|Any CPU.ActiveCfg = Release|Any CPU
		{4A8292C5-6C5E-44F6-AFF9-0A861BFEEB57}.Release|Any CPU.Build.0 = Release|Any CPU
		{4A8292C5-6C5E-44F6-AFF9-0A861BFEEB57}.Release|ARM.ActiveCfg = Release|ARM
		{4A8292C5-6C5E-44F6-AFF9-0A861BFEEB57}.Release|ARM.Build.0 = Release|ARM
		{4A8292C5-6C5E-44F6-AFF9-0A861BFEEB57}.Release|x64.ActiveCfg = Release|x64
		{4A8292C5-6C5E-44F6-AFF9-0A861BFEEB57}.Release|x64.Build.0 = Release|x64
		{4A8292C5-6C5E-44F6-AFF9-0A861BFEEB57}.Release|x86.ActiveCfg = Release|x86
		{4A8292C5-6C5E-44F6-AFF9-0A861BFEEB57}.Release|x86.Build.0 = Release|x86
		{7873320F-69EA-48A3-9248-B5FEA356CB31}.Debug|Any CPU.ActiveCfg = Debug|Any CPU
		{7873320F-69EA-48A3-9248-B5FEA356CB31}.Debug|Any CPU.Build.0 = Debug|Any CPU
		{7873320F-69EA-48A3-9248-B5FEA356CB31}.Debug|ARM.ActiveCfg = Debug|ARM
		{7873320F-69EA-48A3-9248-B5FEA356CB31}.Debug|ARM.Build.0 = Debug|ARM
		{7873320F-69EA-48A3-9248-B5FEA356CB31}.Debug|x64.ActiveCfg = Debug|x64
		{7873320F-69EA-48A3-9248-B5FEA356CB31}.Debug|x64.Build.0 = Debug|x64
		{7873320F-69EA-48A3-9248-B5FEA356CB31}.Debug|x86.ActiveCfg = Debug|x86
		{7873320F-69EA-48A3-9248-B5FEA356CB31}.Debug|x86.Build.0 = Debug|x86
		{7873320F-69EA-48A3-9248-B5FEA356CB31}.Release|Any CPU.ActiveCfg = Release|Any CPU
		{7873320F-69EA-48A3-9248-B5FEA356CB31}.Release|Any CPU.Build.0 = Release|Any CPU
		{7873320F-69EA-48A3-9248-B5FEA356CB31}.Release|ARM.ActiveCfg = Release|ARM
		{7873320F-69EA-48A3-9248-B5FEA356CB31}.Release|ARM.Build.0 = Release|ARM
		{7873320F-69EA-48A3-9248-B5FEA356CB31}.Release|x64.ActiveCfg = Release|x64
		{7873320F-69EA-48A3-9248-B5FEA356CB31}.Release|x64.Build.0 = Release|x64
		{7873320F-69EA-48A3-9248-B5FEA356CB31}.Release|x86.ActiveCfg = Release|x86
		{7873320F-69EA-48A3-9248-B5FEA356CB31}.Release|x86.Build.0 = Release|x86
	EndGlobalSection
	GlobalSection(SolutionProperties) = preSolution
		HideSolutionNode = FALSE
	EndGlobalSection
EndGlobal
